
Microsoft Visual Studio Solution File, Format Version 12.00
# Visual Studio 14
VisualStudioVersion = 14.0.25420.1
MinimumVisualStudioVersion = 10.0.40219.1
Project("{FAE04EC0-301F-11D3-BF4B-00C04F79EFBC}") = "WebApplication3", "WebApplication3\WebApplication3.csproj", "{191E5A14-4C22-4215-B938-74CCA54FC5E7}"
EndProject
Project("{FAE04EC0-301F-11D3-BF4B-00C04F79EFBC}") = "AppWebapp.Tests", "AppWebapp.Tests\AppWebapp.Tests.csproj", "{FA39C0F8-D8B8-4974-BA96-814D33F3DD26}"
EndProject
Global
	GlobalSection(SolutionConfigurationPlatforms) = preSolution
		Debug|Any CPU = Debug|Any CPU
		Release|Any CPU = Release|Any CPU
	EndGlobalSection
	GlobalSection(ProjectConfigurationPlatforms) = postSolution
		{191E5A14-4C22-4215-B938-74CCA54FC5E7}.Debug|Any CPU.ActiveCfg = Debug|Any CPU
		{191E5A14-4C22-4215-B938-74CCA54FC5E7}.Debug|Any CPU.Build.0 = Debug|Any CPU
		{191E5A14-4C22-4215-B938-74CCA54FC5E7}.Release|Any CPU.ActiveCfg = Release|Any CPU
		{191E5A14-4C22-4215-B938-74CCA54FC5E7}.Release|Any CPU.Build.0 = Release|Any CPU
		{FA39C0F8-D8B8-4974-BA96-814D33F3DD26}.Debug|Any CPU.ActiveCfg = Debug|Any CPU
		{FA39C0F8-D8B8-4974-BA96-814D33F3DD26}.Debug|Any CPU.Build.0 = Debug|Any CPU
		{FA39C0F8-D8B8-4974-BA96-814D33F3DD26}.Release|Any CPU.ActiveCfg = Release|Any CPU
		{FA39C0F8-D8B8-4974-BA96-814D33F3DD26}.Release|Any CPU.Build.0 = Release|Any CPU
	EndGlobalSection
	GlobalSection(SolutionProperties) = preSolution
		HideSolutionNode = FALSE
	EndGlobalSection
EndGlobal
